
Microsoft Visual Studio Solution File, Format Version 12.00
# Visual Studio Version 17
VisualStudioVersion = 17.6.33815.320
MinimumVisualStudioVersion = 10.0.40219.1
Project("{FAE04EC0-301F-11D3-BF4B-00C04F79EFBC}") = "Phonebook", "Phonebook.csproj", "{9E3BD798-411D-4FCA-96C1-1EE6E12CA806}"
EndProject
Global
	GlobalSection(SolutionConfigurationPlatforms) = preSolution
		Debug|Any CPU = Debug|Any CPU
		Release|Any CPU = Release|Any CPU
	EndGlobalSection
	GlobalSection(ProjectConfigurationPlatforms) = postSolution
		{9E3BD798-411D-4FCA-96C1-1EE6E12CA806}.Debug|Any CPU.ActiveCfg = Debug|Any CPU
		{9E3BD798-411D-4FCA-96C1-1EE6E12CA806}.Debug|Any CPU.Build.0 = Debug|Any CPU
		{9E3BD798-411D-4FCA-96C1-1EE6E12CA806}.Release|Any CPU.ActiveCfg = Release|Any CPU
		{9E3BD798-411D-4FCA-96C1-1EE6E12CA806}.Release|Any CPU.Build.0 = Release|Any CPU
	EndGlobalSection
	GlobalSection(SolutionProperties) = preSolution
		HideSolutionNode = FALSE
	EndGlobalSection
	GlobalSection(ExtensibilityGlobals) = postSolution
		SolutionGuid = {3AD0DE5B-DEA6-47C7-B38E-90275AA174BE}
	EndGlobalSection
EndGlobal
